
Microsoft Visual Studio Solution File, Format Version 12.00
# Visual Studio Version 17
VisualStudioVersion = 17.9.34902.65
MinimumVisualStudioVersion = 10.0.40219.1
Project("{FAE04EC0-301F-11D3-BF4B-00C04F79EFBC}") = "BracketCorrector", "BracketCorrector\BracketCorrector.csproj", "{57FC3B70-2612-41FE-966B-EB11739CAB88}"
EndProject
Project("{FAE04EC0-301F-11D3-BF4B-00C04F79EFBC}") = "BracketCorrector.Tests", "BracketCorrector.Tests\BracketCorrector.Tests.csproj", "{59F84684-3515-4115-80A4-550DE957726A}"
EndProject
Global
	GlobalSection(SolutionConfigurationPlatforms) = preSolution
		Debug|Any CPU = Debug|Any CPU
		Release|Any CPU = Release|Any CPU
	EndGlobalSection
	GlobalSection(ProjectConfigurationPlatforms) = postSolution
		{57FC3B70-2612-41FE-966B-EB11739CAB88}.Debug|Any CPU.ActiveCfg = Debug|Any CPU
		{57FC3B70-2612-41FE-966B-EB11739CAB88}.Debug|Any CPU.Build.0 = Debug|Any CPU
		{57FC3B70-2612-41FE-966B-EB11739CAB88}.Release|Any CPU.ActiveCfg = Release|Any CPU
		{57FC3B70-2612-41FE-966B-EB11739CAB88}.Release|Any CPU.Build.0 = Release|Any CPU
		{59F84684-3515-4115-80A4-550DE957726A}.Debug|Any CPU.ActiveCfg = Debug|Any CPU
		{59F84684-3515-4115-80A4-550DE957726A}.Debug|Any CPU.Build.0 = Debug|Any CPU
		{59F84684-3515-4115-80A4-550DE957726A}.Release|Any CPU.ActiveCfg = Release|Any CPU
		{59F84684-3515-4115-80A4-550DE957726A}.Release|Any CPU.Build.0 = Release|Any CPU
	EndGlobalSection
	GlobalSection(SolutionProperties) = preSolution
		HideSolutionNode = FALSE
	EndGlobalSection
	GlobalSection(ExtensibilityGlobals) = postSolution
		SolutionGuid = {7177ECC3-60B3-465D-9860-D777369D6491}
	EndGlobalSection
EndGlobal
